
Microsoft Visual Studio Solution File, Format Version 12.00
# Visual Studio Version 17
VisualStudioVersion = 17.10.34928.147
MinimumVisualStudioVersion = 10.0.40219.1
Project("{FAE04EC0-301F-11D3-BF4B-00C04F79EFBC}") = "AvaloniaApplicationForStride", "AvaloniaApplicationForStride\AvaloniaApplicationForStride.csproj", "{5BC008E3-14B1-4EF0-BA6B-17648C5ECC31}"
EndProject
Global
	GlobalSection(SolutionConfigurationPlatforms) = preSolution
		Debug|Any CPU = Debug|Any CPU
		Release|Any CPU = Release|Any CPU
	EndGlobalSection
	GlobalSection(ProjectConfigurationPlatforms) = postSolution
		{5BC008E3-14B1-4EF0-BA6B-17648C5ECC31}.Debug|Any CPU.ActiveCfg = Debug|Any CPU
		{5BC008E3-14B1-4EF0-BA6B-17648C5ECC31}.Debug|Any CPU.Build.0 = Debug|Any CPU
		{5BC008E3-14B1-4EF0-BA6B-17648C5ECC31}.Release|Any CPU.ActiveCfg = Release|Any CPU
		{5BC008E3-14B1-4EF0-BA6B-17648C5ECC31}.Release|Any CPU.Build.0 = Release|Any CPU
	EndGlobalSection
	GlobalSection(SolutionProperties) = preSolution
		HideSolutionNode = FALSE
	EndGlobalSection
	GlobalSection(ExtensibilityGlobals) = postSolution
		SolutionGuid = {EA6DA3E4-8D75-4B0A-A10B-F4075FB00B1C}
	EndGlobalSection
EndGlobal
